
Microsoft Visual Studio Solution File, Format Version 12.00
# Visual Studio Version 16
VisualStudioVersion = 16.0.31624.102
MinimumVisualStudioVersion = 10.0.40219.1
Project("{FAE04EC0-301F-11D3-BF4B-00C04F79EFBC}") = "VedroidLab2.Android", "VedroidLab2\VedroidLab2.Android\VedroidLab2.Android.csproj", "{2FCCD027-E34E-44F0-BC21-AAE9DE6F9F4A}"
EndProject
Project("{FAE04EC0-301F-11D3-BF4B-00C04F79EFBC}") = "VedroidLab2.iOS", "VedroidLab2\VedroidLab2.iOS\VedroidLab2.iOS.csproj", "{E3F0D322-8454-4E84-B24B-4DAA51A352A7}"
EndProject
Project("{FAE04EC0-301F-11D3-BF4B-00C04F79EFBC}") = "VedroidLab2", "VedroidLab2\VedroidLab2\VedroidLab2.csproj", "{33A9591D-D0D0-4707-B4B2-25EFE7B7214D}"
EndProject
Global
	GlobalSection(SolutionConfigurationPlatforms) = preSolution
		Debug|Any CPU = Debug|Any CPU
		Debug|iPhone = Debug|iPhone
		Debug|iPhoneSimulator = Debug|iPhoneSimulator
		Release|Any CPU = Release|Any CPU
		Release|iPhone = Release|iPhone
		Release|iPhoneSimulator = Release|iPhoneSimulator
	EndGlobalSection
	GlobalSection(ProjectConfigurationPlatforms) = postSolution
		{2FCCD027-E34E-44F0-BC21-AAE9DE6F9F4A}.Debug|Any CPU.ActiveCfg = Debug|Any CPU
		{2FCCD027-E34E-44F0-BC21-AAE9DE6F9F4A}.Debug|Any CPU.Build.0 = Debug|Any CPU
		{2FCCD027-E34E-44F0-BC21-AAE9DE6F9F4A}.Debug|Any CPU.Deploy.0 = Debug|Any CPU
		{2FCCD027-E34E-44F0-BC21-AAE9DE6F9F4A}.Debug|iPhone.ActiveCfg = Debug|Any CPU
		{2FCCD027-E34E-44F0-BC21-AAE9DE6F9F4A}.Debug|iPhone.Build.0 = Debug|Any CPU
		{2FCCD027-E34E-44F0-BC21-AAE9DE6F9F4A}.Debug|iPhone.Deploy.0 = Debug|Any CPU
		{2FCCD027-E34E-44F0-BC21-AAE9DE6F9F4A}.Debug|iPhoneSimulator.ActiveCfg = Debug|Any CPU
		{2FCCD027-E34E-44F0-BC21-AAE9DE6F9F4A}.Debug|iPhoneSimulator.Build.0 = Debug|Any CPU
		{2FCCD027-E34E-44F0-BC21-AAE9DE6F9F4A}.Debug|iPhoneSimulator.Deploy.0 = Debug|Any CPU
		{2FCCD027-E34E-44F0-BC21-AAE9DE6F9F4A}.Release|Any CPU.ActiveCfg = Release|Any CPU
		{2FCCD027-E34E-44F0-BC21-AAE9DE6F9F4A}.Release|Any CPU.Build.0 = Release|Any CPU
		{2FCCD027-E34E-44F0-BC21-AAE9DE6F9F4A}.Release|Any CPU.Deploy.0 = Release|Any CPU
		{2FCCD027-E34E-44F0-BC21-AAE9DE6F9F4A}.Release|iPhone.ActiveCfg = Release|Any CPU
		{2FCCD027-E34E-44F0-BC21-AAE9DE6F9F4A}.Release|iPhone.Build.0 = Release|Any CPU
		{2FCCD027-E34E-44F0-BC21-AAE9DE6F9F4A}.Release|iPhone.Deploy.0 = Release|Any CPU
		{2FCCD027-E34E-44F0-BC21-AAE9DE6F9F4A}.Release|iPhoneSimulator.ActiveCfg = Release|Any CPU
		{2FCCD027-E34E-44F0-BC21-AAE9DE6F9F4A}.Release|iPhoneSimulator.Build.0 = Release|Any CPU
		{2FCCD027-E34E-44F0-BC21-AAE9DE6F9F4A}.Release|iPhoneSimulator.Deploy.0 = Release|Any CPU
		{E3F0D322-8454-4E84-B24B-4DAA51A352A7}.Debug|Any CPU.ActiveCfg = Debug|iPhone
		{E3F0D322-8454-4E84-B24B-4DAA51A352A7}.Debug|Any CPU.Build.0 = Debug|iPhone
		{E3F0D322-8454-4E84-B24B-4DAA51A352A7}.Debug|Any CPU.Deploy.0 = Debug|iPhone
		{E3F0D322-8454-4E84-B24B-4DAA51A352A7}.Debug|iPhone.ActiveCfg = Debug|iPhone
		{E3F0D322-8454-4E84-B24B-4DAA51A352A7}.Debug|iPhone.Build.0 = Debug|iPhone
		{E3F0D322-8454-4E84-B24B-4DAA51A352A7}.Debug|iPhone.Deploy.0 = Debug|iPhone
		{E3F0D322-8454-4E84-B24B-4DAA51A352A7}.Debug|iPhoneSimulator.ActiveCfg = Debug|iPhoneSimulator
		{E3F0D322-8454-4E84-B24B-4DAA51A352A7}.Debug|iPhoneSimulator.Build.0 = Debug|iPhoneSimulator
		{E3F0D322-8454-4E84-B24B-4DAA51A352A7}.Debug|iPhoneSimulator.Deploy.0 = Debug|iPhoneSimulator
		{E3F0D322-8454-4E84-B24B-4DAA51A352A7}.Release|Any CPU.ActiveCfg = Release|iPhoneSimulator
		{E3F0D322-8454-4E84-B24B-4DAA51A352A7}.Release|Any CPU.Build.0 = Release|iPhoneSimulator
		{E3F0D322-8454-4E84-B24B-4DAA51A352A7}.Release|Any CPU.Deploy.0 = Release|iPhoneSimulator
		{E3F0D322-8454-4E84-B24B-4DAA51A352A7}.Release|iPhone.ActiveCfg = Release|iPhone
		{E3F0D322-8454-4E84-B24B-4DAA51A352A7}.Release|iPhone.Build.0 = Release|iPhone
		{E3F0D322-8454-4E84-B24B-4DAA51A352A7}.Release|iPhone.Deploy.0 = Release|iPhone
		{E3F0D322-8454-4E84-B24B-4DAA51A352A7}.Release|iPhoneSimulator.ActiveCfg = Release|iPhoneSimulator
		{E3F0D322-8454-4E84-B24B-4DAA51A352A7}.Release|iPhoneSimulator.Build.0 = Release|iPhoneSimulator
		{E3F0D322-8454-4E84-B24B-4DAA51A352A7}.Release|iPhoneSimulator.Deploy.0 = Release|iPhoneSimulator
		{33A9591D-D0D0-4707-B4B2-25EFE7B7214D}.Debug|Any CPU.ActiveCfg = Debug|Any CPU
		{33A9591D-D0D0-4707-B4B2-25EFE7B7214D}.Debug|Any CPU.Build.0 = Debug|Any CPU
		{33A9591D-D0D0-4707-B4B2-25EFE7B7214D}.Debug|Any CPU.Deploy.0 = Debug|Any CPU
		{33A9591D-D0D0-4707-B4B2-25EFE7B7214D}.Debug|iPhone.ActiveCfg = Debug|Any CPU
		{33A9591D-D0D0-4707-B4B2-25EFE7B7214D}.Debug|iPhone.Build.0 = Debug|Any CPU
		{33A9591D-D0D0-4707-B4B2-25EFE7B7214D}.Debug|iPhone.Deploy.0 = Debug|Any CPU
		{33A9591D-D0D0-4707-B4B2-25EFE7B7214D}.Debug|iPhoneSimulator.ActiveCfg = Debug|Any CPU
		{33A9591D-D0D0-4707-B4B2-25EFE7B7214D}.Debug|iPhoneSimulator.Build.0 = Debug|Any CPU
		{33A9591D-D0D0-4707-B4B2-25EFE7B7214D}.Debug|iPhoneSimulator.Deploy.0 = Debug|Any CPU
		{33A9591D-D0D0-4707-B4B2-25EFE7B7214D}.Release|Any CPU.ActiveCfg = Release|Any CPU
		{33A9591D-D0D0-4707-B4B2-25EFE7B7214D}.Release|Any CPU.Build.0 = Release|Any CPU
		{33A9591D-D0D0-4707-B4B2-25EFE7B7214D}.Release|Any CPU.Deploy.0 = Release|Any CPU
		{33A9591D-D0D0-4707-B4B2-25EFE7B7214D}.Release|iPhone.ActiveCfg = Release|Any CPU
		{33A9591D-D0D0-4707-B4B2-25EFE7B7214D}.Release|iPhone.Build.0 = Release|Any CPU
		{33A9591D-D0D0-4707-B4B2-25EFE7B7214D}.Release|iPhone.Deploy.0 = Release|Any CPU
		{33A9591D-D0D0-4707-B4B2-25EFE7B7214D}.Release|iPhoneSimulator.ActiveCfg = Release|Any CPU
		{33A9591D-D0D0-4707-B4B2-25EFE7B7214D}.Release|iPhoneSimulator.Build.0 = Release|Any CPU
		{33A9591D-D0D0-4707-B4B2-25EFE7B7214D}.Release|iPhoneSimulator.Deploy.0 = Release|Any CPU
	EndGlobalSection
	GlobalSection(SolutionProperties) = preSolution
		HideSolutionNode = FALSE
	EndGlobalSection
	GlobalSection(ExtensibilityGlobals) = postSolution
		SolutionGuid = {BC8525DF-7C03-447F-991E-396914CA9D16}
	EndGlobalSection
EndGlobal
